// !$*UTF8*$!
{
	archiveVersion = 1;
	classes = {
	};
	objectVersion = 56;
	objects = {

/* Begin PBXBuildFile section */
		6E43887B2B1D4BC200C1651E /* AddFieldEmployee.swift in Sources */ = {isa = PBXBuildFile; fileRef = 6E43887A2B1D4BC200C1651E /* AddFieldEmployee.swift */; };
		6E43887E2B1EAAFF00C1651E /* FirebaseAnalytics in Frameworks */ = {isa = PBXBuildFile; productRef = 6E43887D2B1EAAFF00C1651E /* FirebaseAnalytics */; };
		6E4388802B1EAAFF00C1651E /* FirebaseAnalyticsOnDeviceConversion in Frameworks */ = {isa = PBXBuildFile; productRef = 6E43887F2B1EAAFF00C1651E /* FirebaseAnalyticsOnDeviceConversion */; };
		6E4388822B1EAAFF00C1651E /* FirebaseAnalyticsSwift in Frameworks */ = {isa = PBXBuildFile; productRef = 6E4388812B1EAAFF00C1651E /* FirebaseAnalyticsSwift */; };
		6E4388842B1EAAFF00C1651E /* FirebaseAnalyticsWithoutAdIdSupport in Frameworks */ = {isa = PBXBuildFile; productRef = 6E4388832B1EAAFF00C1651E /* FirebaseAnalyticsWithoutAdIdSupport */; };
		6E4388862B1EAAFF00C1651E /* FirebaseAppCheck in Frameworks */ = {isa = PBXBuildFile; productRef = 6E4388852B1EAAFF00C1651E /* FirebaseAppCheck */; };
		6E4388882B1EAAFF00C1651E /* FirebaseAppDistribution-Beta in Frameworks */ = {isa = PBXBuildFile; productRef = 6E4388872B1EAAFF00C1651E /* FirebaseAppDistribution-Beta */; };
		6E43888A2B1EAAFF00C1651E /* FirebaseAuth in Frameworks */ = {isa = PBXBuildFile; productRef = 6E4388892B1EAAFF00C1651E /* FirebaseAuth */; };
		6E43888C2B1EAAFF00C1651E /* FirebaseAuthCombine-Community in Frameworks */ = {isa = PBXBuildFile; productRef = 6E43888B2B1EAAFF00C1651E /* FirebaseAuthCombine-Community */; };
		6E43888E2B1EAAFF00C1651E /* FirebaseCrashlytics in Frameworks */ = {isa = PBXBuildFile; productRef = 6E43888D2B1EAAFF00C1651E /* FirebaseCrashlytics */; };
		6E4388902B1EAAFF00C1651E /* FirebaseDatabase in Frameworks */ = {isa = PBXBuildFile; productRef = 6E43888F2B1EAAFF00C1651E /* FirebaseDatabase */; };
		6E4388922B1EAAFF00C1651E /* FirebaseDatabaseSwift in Frameworks */ = {isa = PBXBuildFile; productRef = 6E4388912B1EAAFF00C1651E /* FirebaseDatabaseSwift */; };
		6E4388942B1EAAFF00C1651E /* FirebaseDynamicLinks in Frameworks */ = {isa = PBXBuildFile; productRef = 6E4388932B1EAAFF00C1651E /* FirebaseDynamicLinks */; };
		6E4388962B1EAAFF00C1651E /* FirebaseFirestore in Frameworks */ = {isa = PBXBuildFile; productRef = 6E4388952B1EAAFF00C1651E /* FirebaseFirestore */; };
		6E4388982B1EAAFF00C1651E /* FirebaseFirestoreCombine-Community in Frameworks */ = {isa = PBXBuildFile; productRef = 6E4388972B1EAAFF00C1651E /* FirebaseFirestoreCombine-Community */; };
		6E43889A2B1EAAFF00C1651E /* FirebaseFirestoreSwift in Frameworks */ = {isa = PBXBuildFile; productRef = 6E4388992B1EAAFF00C1651E /* FirebaseFirestoreSwift */; };
		6E43889C2B1EAAFF00C1651E /* FirebaseFunctions in Frameworks */ = {isa = PBXBuildFile; productRef = 6E43889B2B1EAAFF00C1651E /* FirebaseFunctions */; };
		6E43889E2B1EAAFF00C1651E /* FirebaseFunctionsCombine-Community in Frameworks */ = {isa = PBXBuildFile; productRef = 6E43889D2B1EAAFF00C1651E /* FirebaseFunctionsCombine-Community */; };
		6E4388A02B1EAAFF00C1651E /* FirebaseInAppMessaging-Beta in Frameworks */ = {isa = PBXBuildFile; productRef = 6E43889F2B1EAAFF00C1651E /* FirebaseInAppMessaging-Beta */; };
		6E4388A22B1EAAFF00C1651E /* FirebaseInAppMessagingSwift-Beta in Frameworks */ = {isa = PBXBuildFile; productRef = 6E4388A12B1EAAFF00C1651E /* FirebaseInAppMessagingSwift-Beta */; };
		6E4388A42B1EAAFF00C1651E /* FirebaseInstallations in Frameworks */ = {isa = PBXBuildFile; productRef = 6E4388A32B1EAAFF00C1651E /* FirebaseInstallations */; };
		6E4388A62B1EAAFF00C1651E /* FirebaseMLModelDownloader in Frameworks */ = {isa = PBXBuildFile; productRef = 6E4388A52B1EAAFF00C1651E /* FirebaseMLModelDownloader */; };
		6E4388A82B1EAAFF00C1651E /* FirebaseMessaging in Frameworks */ = {isa = PBXBuildFile; productRef = 6E4388A72B1EAAFF00C1651E /* FirebaseMessaging */; };
		6E4388AA2B1EAAFF00C1651E /* FirebasePerformance in Frameworks */ = {isa = PBXBuildFile; productRef = 6E4388A92B1EAAFF00C1651E /* FirebasePerformance */; };
		6E4388AC2B1EAAFF00C1651E /* FirebaseRemoteConfig in Frameworks */ = {isa = PBXBuildFile; productRef = 6E4388AB2B1EAAFF00C1651E /* FirebaseRemoteConfig */; };
		6E4388AE2B1EAAFF00C1651E /* FirebaseRemoteConfigSwift in Frameworks */ = {isa = PBXBuildFile; productRef = 6E4388AD2B1EAAFF00C1651E /* FirebaseRemoteConfigSwift */; };
		6E4388B02B1EAB0000C1651E /* FirebaseStorage in Frameworks */ = {isa = PBXBuildFile; productRef = 6E4388AF2B1EAB0000C1651E /* FirebaseStorage */; };
		6E4388B22B1EAB0000C1651E /* FirebaseStorageCombine-Community in Frameworks */ = {isa = PBXBuildFile; productRef = 6E4388B12B1EAB0000C1651E /* FirebaseStorageCombine-Community */; };
		6E4388B62B1FF6D400C1651E /* FirebaseAnalytics in Frameworks */ = {isa = PBXBuildFile; productRef = 6E4388B52B1FF6D400C1651E /* FirebaseAnalytics */; };
		6E4388B82B1FF6D400C1651E /* FirebaseAnalyticsOnDeviceConversion in Frameworks */ = {isa = PBXBuildFile; productRef = 6E4388B72B1FF6D400C1651E /* FirebaseAnalyticsOnDeviceConversion */; };
		6E4388BA2B1FF6D400C1651E /* FirebaseAnalyticsSwift in Frameworks */ = {isa = PBXBuildFile; productRef = 6E4388B92B1FF6D400C1651E /* FirebaseAnalyticsSwift */; };
		6E4388BC2B1FF6D400C1651E /* FirebaseAnalyticsWithoutAdIdSupport in Frameworks */ = {isa = PBXBuildFile; productRef = 6E4388BB2B1FF6D400C1651E /* FirebaseAnalyticsWithoutAdIdSupport */; };
		6E4388BE2B1FF6D400C1651E /* FirebaseAppCheck in Frameworks */ = {isa = PBXBuildFile; productRef = 6E4388BD2B1FF6D400C1651E /* FirebaseAppCheck */; };
		6E4388C02B1FF6D400C1651E /* FirebaseAppDistribution-Beta in Frameworks */ = {isa = PBXBuildFile; productRef = 6E4388BF2B1FF6D400C1651E /* FirebaseAppDistribution-Beta */; };
		6E4388C22B1FF6D400C1651E /* FirebaseAuth in Frameworks */ = {isa = PBXBuildFile; productRef = 6E4388C12B1FF6D400C1651E /* FirebaseAuth */; };
		6E4388C42B1FF6D400C1651E /* FirebaseAuthCombine-Community in Frameworks */ = {isa = PBXBuildFile; productRef = 6E4388C32B1FF6D400C1651E /* FirebaseAuthCombine-Community */; };
		6E4388C62B1FF6D400C1651E /* FirebaseCrashlytics in Frameworks */ = {isa = PBXBuildFile; productRef = 6E4388C52B1FF6D400C1651E /* FirebaseCrashlytics */; };
		6E4388C82B1FF6D400C1651E /* FirebaseDatabase in Frameworks */ = {isa = PBXBuildFile; productRef = 6E4388C72B1FF6D400C1651E /* FirebaseDatabase */; };
		6E4388CA2B1FF6D400C1651E /* FirebaseDatabaseSwift in Frameworks */ = {isa = PBXBuildFile; productRef = 6E4388C92B1FF6D400C1651E /* FirebaseDatabaseSwift */; };
		6E4388CC2B1FF6D400C1651E /* FirebaseDynamicLinks in Frameworks */ = {isa = PBXBuildFile; productRef = 6E4388CB2B1FF6D400C1651E /* FirebaseDynamicLinks */; };
		6E4388CE2B1FF6D400C1651E /* FirebaseFirestore in Frameworks */ = {isa = PBXBuildFile; productRef = 6E4388CD2B1FF6D400C1651E /* FirebaseFirestore */; };
		6E4388D02B1FF6D400C1651E /* FirebaseFirestoreCombine-Community in Frameworks */ = {isa = PBXBuildFile; productRef = 6E4388CF2B1FF6D400C1651E /* FirebaseFirestoreCombine-Community */; };
		6E4388D22B1FF6D400C1651E /* FirebaseFirestoreSwift in Frameworks */ = {isa = PBXBuildFile; productRef = 6E4388D12B1FF6D400C1651E /* FirebaseFirestoreSwift */; };
		6E4388D42B1FF6D400C1651E /* FirebaseFunctions in Frameworks */ = {isa = PBXBuildFile; productRef = 6E4388D32B1FF6D400C1651E /* FirebaseFunctions */; };
		6E4388D62B1FF6D400C1651E /* FirebaseFunctionsCombine-Community in Frameworks */ = {isa = PBXBuildFile; productRef = 6E4388D52B1FF6D400C1651E /* FirebaseFunctionsCombine-Community */; };
		6E4388D82B1FF6D400C1651E /* FirebaseInAppMessaging-Beta in Frameworks */ = {isa = PBXBuildFile; productRef = 6E4388D72B1FF6D400C1651E /* FirebaseInAppMessaging-Beta */; };
		6E4388DA2B1FF6D400C1651E /* FirebaseInAppMessagingSwift-Beta in Frameworks */ = {isa = PBXBuildFile; productRef = 6E4388D92B1FF6D400C1651E /* FirebaseInAppMessagingSwift-Beta */; };
		6E4388DC2B1FF6D400C1651E /* FirebaseInstallations in Frameworks */ = {isa = PBXBuildFile; productRef = 6E4388DB2B1FF6D400C1651E /* FirebaseInstallations */; };
		6E4388DE2B1FF6D400C1651E /* FirebaseMLModelDownloader in Frameworks */ = {isa = PBXBuildFile; productRef = 6E4388DD2B1FF6D400C1651E /* FirebaseMLModelDownloader */; };
		6E4388E02B1FF6D400C1651E /* FirebaseMessaging in Frameworks */ = {isa = PBXBuildFile; productRef = 6E4388DF2B1FF6D400C1651E /* FirebaseMessaging */; };
		6E4388E22B1FF6D400C1651E /* FirebasePerformance in Frameworks */ = {isa = PBXBuildFile; productRef = 6E4388E12B1FF6D400C1651E /* FirebasePerformance */; };
		6E4388E42B1FF6D400C1651E /* FirebaseRemoteConfig in Frameworks */ = {isa = PBXBuildFile; productRef = 6E4388E32B1FF6D400C1651E /* FirebaseRemoteConfig */; };
		6E4388E62B1FF6D400C1651E /* FirebaseRemoteConfigSwift in Frameworks */ = {isa = PBXBuildFile; productRef = 6E4388E52B1FF6D400C1651E /* FirebaseRemoteConfigSwift */; };
		6E4388E82B1FF6D400C1651E /* FirebaseStorage in Frameworks */ = {isa = PBXBuildFile; productRef = 6E4388E72B1FF6D400C1651E /* FirebaseStorage */; };
		6E4388EA2B1FF6D400C1651E /* FirebaseStorageCombine-Community in Frameworks */ = {isa = PBXBuildFile; productRef = 6E4388E92B1FF6D400C1651E /* FirebaseStorageCombine-Community */; };
		6E4388EC2B20009200C1651E /* GoogleService-Info.plist in Resources */ = {isa = PBXBuildFile; fileRef = 6E4388EB2B20009200C1651E /* GoogleService-Info.plist */; };
		6E4388F02B2022B500C1651E /* QueryDocumentSnapshotExtension.swift in Sources */ = {isa = PBXBuildFile; fileRef = 6E4388EF2B2022B500C1651E /* QueryDocumentSnapshotExtension.swift */; };
		6E4388F22B20289F00C1651E /* FieldEmployeeListCell.swift in Sources */ = {isa = PBXBuildFile; fileRef = 6E4388F12B20289F00C1651E /* FieldEmployeeListCell.swift */; };
		6E8127A32B1D2B790027300D /* TWC_SchedulerApp.swift in Sources */ = {isa = PBXBuildFile; fileRef = 6E8127A22B1D2B790027300D /* TWC_SchedulerApp.swift */; };
		6E8127A52B1D2B790027300D /* ContentView.swift in Sources */ = {isa = PBXBuildFile; fileRef = 6E8127A42B1D2B790027300D /* ContentView.swift */; };
		6E8127A72B1D2B7B0027300D /* Assets.xcassets in Resources */ = {isa = PBXBuildFile; fileRef = 6E8127A62B1D2B7B0027300D /* Assets.xcassets */; };
		6E8127AA2B1D2B7B0027300D /* Preview Assets.xcassets in Resources */ = {isa = PBXBuildFile; fileRef = 6E8127A92B1D2B7B0027300D /* Preview Assets.xcassets */; };
		6E8127B22B1D2B910027300D /* FieldEmployee.swift in Sources */ = {isa = PBXBuildFile; fileRef = 6E8127B12B1D2B910027300D /* FieldEmployee.swift */; };
		6E8127B42B1D2BCA0027300D /* Project.swift in Sources */ = {isa = PBXBuildFile; fileRef = 6E8127B32B1D2BCA0027300D /* Project.swift */; };
		6E8127B72B1D31070027300D /* FieldEmployeeListViewModel.swift in Sources */ = {isa = PBXBuildFile; fileRef = 6E8127B62B1D31070027300D /* FieldEmployeeListViewModel.swift */; };
		6E8127BA2B1D31560027300D /* FieldEmployeeListView.swift in Sources */ = {isa = PBXBuildFile; fileRef = 6E8127B92B1D31560027300D /* FieldEmployeeListView.swift */; };
		6E8127C32B1D3BB70027300D /* exampleJSON.json in Resources */ = {isa = PBXBuildFile; fileRef = 6E8127C22B1D3BB70027300D /* exampleJSON.json */; };
/* End PBXBuildFile section */

/* Begin PBXFileReference section */
		6E43887A2B1D4BC200C1651E /* AddFieldEmployee.swift */ = {isa = PBXFileReference; lastKnownFileType = sourcecode.swift; path = AddFieldEmployee.swift; sourceTree = "<group>"; };
		6E4388EB2B20009200C1651E /* GoogleService-Info.plist */ = {isa = PBXFileReference; fileEncoding = 4; lastKnownFileType = text.plist.xml; path = "GoogleService-Info.plist"; sourceTree = "<group>"; };
		6E4388EF2B2022B500C1651E /* QueryDocumentSnapshotExtension.swift */ = {isa = PBXFileReference; lastKnownFileType = sourcecode.swift; path = QueryDocumentSnapshotExtension.swift; sourceTree = "<group>"; };
		6E4388F12B20289F00C1651E /* FieldEmployeeListCell.swift */ = {isa = PBXFileReference; lastKnownFileType = sourcecode.swift; path = FieldEmployeeListCell.swift; sourceTree = "<group>"; };
		6E81279F2B1D2B790027300D /* TWC Scheduler.app */ = {isa = PBXFileReference; explicitFileType = wrapper.application; includeInIndex = 0; path = "TWC Scheduler.app"; sourceTree = BUILT_PRODUCTS_DIR; };
		6E8127A22B1D2B790027300D /* TWC_SchedulerApp.swift */ = {isa = PBXFileReference; lastKnownFileType = sourcecode.swift; path = TWC_SchedulerApp.swift; sourceTree = "<group>"; };
		6E8127A42B1D2B790027300D /* ContentView.swift */ = {isa = PBXFileReference; lastKnownFileType = sourcecode.swift; path = ContentView.swift; sourceTree = "<group>"; };
		6E8127A62B1D2B7B0027300D /* Assets.xcassets */ = {isa = PBXFileReference; lastKnownFileType = folder.assetcatalog; path = Assets.xcassets; sourceTree = "<group>"; };
		6E8127A92B1D2B7B0027300D /* Preview Assets.xcassets */ = {isa = PBXFileReference; lastKnownFileType = folder.assetcatalog; path = "Preview Assets.xcassets"; sourceTree = "<group>"; };
		6E8127B12B1D2B910027300D /* FieldEmployee.swift */ = {isa = PBXFileReference; lastKnownFileType = sourcecode.swift; path = FieldEmployee.swift; sourceTree = "<group>"; };
		6E8127B32B1D2BCA0027300D /* Project.swift */ = {isa = PBXFileReference; lastKnownFileType = sourcecode.swift; path = Project.swift; sourceTree = "<group>"; };
		6E8127B62B1D31070027300D /* FieldEmployeeListViewModel.swift */ = {isa = PBXFileReference; lastKnownFileType = sourcecode.swift; path = FieldEmployeeListViewModel.swift; sourceTree = "<group>"; };
		6E8127B92B1D31560027300D /* FieldEmployeeListView.swift */ = {isa = PBXFileReference; lastKnownFileType = sourcecode.swift; path = FieldEmployeeListView.swift; sourceTree = "<group>"; };
		6E8127C22B1D3BB70027300D /* exampleJSON.json */ = {isa = PBXFileReference; fileEncoding = 4; lastKnownFileType = text.json; path = exampleJSON.json; sourceTree = "<group>"; };
/* End PBXFileReference section */

/* Begin PBXFrameworksBuildPhase section */
		6E81279C2B1D2B790027300D /* Frameworks */ = {
			isa = PBXFrameworksBuildPhase;
			buildActionMask = 2147483647;
			files = (
				6E4388902B1EAAFF00C1651E /* FirebaseDatabase in Frameworks */,
				6E43889E2B1EAAFF00C1651E /* FirebaseFunctionsCombine-Community in Frameworks */,
				6E4388962B1EAAFF00C1651E /* FirebaseFirestore in Frameworks */,
				6E4388DE2B1FF6D400C1651E /* FirebaseMLModelDownloader in Frameworks */,
				6E4388822B1EAAFF00C1651E /* FirebaseAnalyticsSwift in Frameworks */,
				6E4388DA2B1FF6D400C1651E /* FirebaseInAppMessagingSwift-Beta in Frameworks */,
				6E43887E2B1EAAFF00C1651E /* FirebaseAnalytics in Frameworks */,
				6E4388802B1EAAFF00C1651E /* FirebaseAnalyticsOnDeviceConversion in Frameworks */,
				6E4388A62B1EAAFF00C1651E /* FirebaseMLModelDownloader in Frameworks */,
				6E43889A2B1EAAFF00C1651E /* FirebaseFirestoreSwift in Frameworks */,
				6E4388862B1EAAFF00C1651E /* FirebaseAppCheck in Frameworks */,
				6E4388842B1EAAFF00C1651E /* FirebaseAnalyticsWithoutAdIdSupport in Frameworks */,
				6E4388DC2B1FF6D400C1651E /* FirebaseInstallations in Frameworks */,
				6E43888A2B1EAAFF00C1651E /* FirebaseAuth in Frameworks */,
				6E43888E2B1EAAFF00C1651E /* FirebaseCrashlytics in Frameworks */,
				6E4388AE2B1EAAFF00C1651E /* FirebaseRemoteConfigSwift in Frameworks */,
				6E4388EA2B1FF6D400C1651E /* FirebaseStorageCombine-Community in Frameworks */,
				6E4388CE2B1FF6D400C1651E /* FirebaseFirestore in Frameworks */,
				6E4388B82B1FF6D400C1651E /* FirebaseAnalyticsOnDeviceConversion in Frameworks */,
				6E4388A02B1EAAFF00C1651E /* FirebaseInAppMessaging-Beta in Frameworks */,
				6E4388B62B1FF6D400C1651E /* FirebaseAnalytics in Frameworks */,
				6E4388D22B1FF6D400C1651E /* FirebaseFirestoreSwift in Frameworks */,
				6E4388E42B1FF6D400C1651E /* FirebaseRemoteConfig in Frameworks */,
				6E4388BE2B1FF6D400C1651E /* FirebaseAppCheck in Frameworks */,
				6E4388BC2B1FF6D400C1651E /* FirebaseAnalyticsWithoutAdIdSupport in Frameworks */,
				6E4388E82B1FF6D400C1651E /* FirebaseStorage in Frameworks */,
				6E4388922B1EAAFF00C1651E /* FirebaseDatabaseSwift in Frameworks */,
				6E4388E62B1FF6D400C1651E /* FirebaseRemoteConfigSwift in Frameworks */,
				6E4388C42B1FF6D400C1651E /* FirebaseAuthCombine-Community in Frameworks */,
				6E4388C22B1FF6D400C1651E /* FirebaseAuth in Frameworks */,
				6E43889C2B1EAAFF00C1651E /* FirebaseFunctions in Frameworks */,
				6E4388C02B1FF6D400C1651E /* FirebaseAppDistribution-Beta in Frameworks */,
				6E4388B22B1EAB0000C1651E /* FirebaseStorageCombine-Community in Frameworks */,
				6E4388AC2B1EAAFF00C1651E /* FirebaseRemoteConfig in Frameworks */,
				6E4388882B1EAAFF00C1651E /* FirebaseAppDistribution-Beta in Frameworks */,
				6E43888C2B1EAAFF00C1651E /* FirebaseAuthCombine-Community in Frameworks */,
				6E4388D82B1FF6D400C1651E /* FirebaseInAppMessaging-Beta in Frameworks */,
				6E4388AA2B1EAAFF00C1651E /* FirebasePerformance in Frameworks */,
				6E4388A22B1EAAFF00C1651E /* FirebaseInAppMessagingSwift-Beta in Frameworks */,
				6E4388D62B1FF6D400C1651E /* FirebaseFunctionsCombine-Community in Frameworks */,
				6E4388C82B1FF6D400C1651E /* FirebaseDatabase in Frameworks */,
				6E4388E02B1FF6D400C1651E /* FirebaseMessaging in Frameworks */,
				6E4388BA2B1FF6D400C1651E /* FirebaseAnalyticsSwift in Frameworks */,
				6E4388D42B1FF6D400C1651E /* FirebaseFunctions in Frameworks */,
				6E4388B02B1EAB0000C1651E /* FirebaseStorage in Frameworks */,
				6E4388CA2B1FF6D400C1651E /* FirebaseDatabaseSwift in Frameworks */,
				6E4388E22B1FF6D400C1651E /* FirebasePerformance in Frameworks */,
				6E4388942B1EAAFF00C1651E /* FirebaseDynamicLinks in Frameworks */,
				6E4388982B1EAAFF00C1651E /* FirebaseFirestoreCombine-Community in Frameworks */,
				6E4388C62B1FF6D400C1651E /* FirebaseCrashlytics in Frameworks */,
				6E4388A82B1EAAFF00C1651E /* FirebaseMessaging in Frameworks */,
				6E4388A42B1EAAFF00C1651E /* FirebaseInstallations in Frameworks */,
				6E4388D02B1FF6D400C1651E /* FirebaseFirestoreCombine-Community in Frameworks */,
				6E4388CC2B1FF6D400C1651E /* FirebaseDynamicLinks in Frameworks */,
			);
			runOnlyForDeploymentPostprocessing = 0;
		};
/* End PBXFrameworksBuildPhase section */

/* Begin PBXGroup section */
		6E8127962B1D2B790027300D = {
			isa = PBXGroup;
			children = (
				6E8127A12B1D2B790027300D /* TWC Scheduler */,
				6E8127A02B1D2B790027300D /* Products */,
			);
			sourceTree = "<group>";
		};
		6E8127A02B1D2B790027300D /* Products */ = {
			isa = PBXGroup;
			children = (
				6E81279F2B1D2B790027300D /* TWC Scheduler.app */,
			);
			name = Products;
			sourceTree = "<group>";
		};
		6E8127A12B1D2B790027300D /* TWC Scheduler */ = {
			isa = PBXGroup;
			children = (
				6E8127A22B1D2B790027300D /* TWC_SchedulerApp.swift */,
				6E8127A42B1D2B790027300D /* ContentView.swift */,
				6E8127B52B1D30F00027300D /* Views */,
				6E8127BB2B1D362D0027300D /* Utilities */,
				6E8127B02B1D2B830027300D /* Models */,
				6E8127A62B1D2B7B0027300D /* Assets.xcassets */,
				6E8127C22B1D3BB70027300D /* exampleJSON.json */,
				6E4388EB2B20009200C1651E /* GoogleService-Info.plist */,
				6E8127A82B1D2B7B0027300D /* Preview Content */,
			);
			path = "TWC Scheduler";
			sourceTree = "<group>";
		};
		6E8127A82B1D2B7B0027300D /* Preview Content */ = {
			isa = PBXGroup;
			children = (
				6E8127A92B1D2B7B0027300D /* Preview Assets.xcassets */,
			);
			path = "Preview Content";
			sourceTree = "<group>";
		};
		6E8127B02B1D2B830027300D /* Models */ = {
			isa = PBXGroup;
			children = (
				6E8127B12B1D2B910027300D /* FieldEmployee.swift */,
				6E8127B32B1D2BCA0027300D /* Project.swift */,
			);
			path = Models;
			sourceTree = "<group>";
		};
		6E8127B52B1D30F00027300D /* Views */ = {
			isa = PBXGroup;
			children = (
				6E8127B82B1D31400027300D /* FieldEmployeeListView */,
				6E43887A2B1D4BC200C1651E /* AddFieldEmployee.swift */,
			);
			path = Views;
			sourceTree = "<group>";
		};
		6E8127B82B1D31400027300D /* FieldEmployeeListView */ = {
			isa = PBXGroup;
			children = (
				6E8127B62B1D31070027300D /* FieldEmployeeListViewModel.swift */,
				6E8127B92B1D31560027300D /* FieldEmployeeListView.swift */,
				6E4388F12B20289F00C1651E /* FieldEmployeeListCell.swift */,
			);
			path = FieldEmployeeListView;
			sourceTree = "<group>";
		};
		6E8127BB2B1D362D0027300D /* Utilities */ = {
			isa = PBXGroup;
			children = (
				6E4388EF2B2022B500C1651E /* QueryDocumentSnapshotExtension.swift */,
			);
			path = Utilities;
			sourceTree = "<group>";
		};
/* End PBXGroup section */

/* Begin PBXNativeTarget section */
		6E81279E2B1D2B790027300D /* TWC Scheduler */ = {
			isa = PBXNativeTarget;
			buildConfigurationList = 6E8127AD2B1D2B7B0027300D /* Build configuration list for PBXNativeTarget "TWC Scheduler" */;
			buildPhases = (
				6E81279B2B1D2B790027300D /* Sources */,
				6E81279C2B1D2B790027300D /* Frameworks */,
				6E81279D2B1D2B790027300D /* Resources */,
			);
			buildRules = (
			);
			dependencies = (
			);
			name = "TWC Scheduler";
			packageProductDependencies = (
				6E43887D2B1EAAFF00C1651E /* FirebaseAnalytics */,
				6E43887F2B1EAAFF00C1651E /* FirebaseAnalyticsOnDeviceConversion */,
				6E4388812B1EAAFF00C1651E /* FirebaseAnalyticsSwift */,
				6E4388832B1EAAFF00C1651E /* FirebaseAnalyticsWithoutAdIdSupport */,
				6E4388852B1EAAFF00C1651E /* FirebaseAppCheck */,
				6E4388872B1EAAFF00C1651E /* FirebaseAppDistribution-Beta */,
				6E4388892B1EAAFF00C1651E /* FirebaseAuth */,
				6E43888B2B1EAAFF00C1651E /* FirebaseAuthCombine-Community */,
				6E43888D2B1EAAFF00C1651E /* FirebaseCrashlytics */,
				6E43888F2B1EAAFF00C1651E /* FirebaseDatabase */,
				6E4388912B1EAAFF00C1651E /* FirebaseDatabaseSwift */,
				6E4388932B1EAAFF00C1651E /* FirebaseDynamicLinks */,
				6E4388952B1EAAFF00C1651E /* FirebaseFirestore */,
				6E4388972B1EAAFF00C1651E /* FirebaseFirestoreCombine-Community */,
				6E4388992B1EAAFF00C1651E /* FirebaseFirestoreSwift */,
				6E43889B2B1EAAFF00C1651E /* FirebaseFunctions */,
				6E43889D2B1EAAFF00C1651E /* FirebaseFunctionsCombine-Community */,
				6E43889F2B1EAAFF00C1651E /* FirebaseInAppMessaging-Beta */,
				6E4388A12B1EAAFF00C1651E /* FirebaseInAppMessagingSwift-Beta */,
				6E4388A32B1EAAFF00C1651E /* FirebaseInstallations */,
				6E4388A52B1EAAFF00C1651E /* FirebaseMLModelDownloader */,
				6E4388A72B1EAAFF00C1651E /* FirebaseMessaging */,
				6E4388A92B1EAAFF00C1651E /* FirebasePerformance */,
				6E4388AB2B1EAAFF00C1651E /* FirebaseRemoteConfig */,
				6E4388AD2B1EAAFF00C1651E /* FirebaseRemoteConfigSwift */,
				6E4388AF2B1EAB0000C1651E /* FirebaseStorage */,
				6E4388B12B1EAB0000C1651E /* FirebaseStorageCombine-Community */,
				6E4388B52B1FF6D400C1651E /* FirebaseAnalytics */,
				6E4388B72B1FF6D400C1651E /* FirebaseAnalyticsOnDeviceConversion */,
				6E4388B92B1FF6D400C1651E /* FirebaseAnalyticsSwift */,
				6E4388BB2B1FF6D400C1651E /* FirebaseAnalyticsWithoutAdIdSupport */,
				6E4388BD2B1FF6D400C1651E /* FirebaseAppCheck */,
				6E4388BF2B1FF6D400C1651E /* FirebaseAppDistribution-Beta */,
				6E4388C12B1FF6D400C1651E /* FirebaseAuth */,
				6E4388C32B1FF6D400C1651E /* FirebaseAuthCombine-Community */,
				6E4388C52B1FF6D400C1651E /* FirebaseCrashlytics */,
				6E4388C72B1FF6D400C1651E /* FirebaseDatabase */,
				6E4388C92B1FF6D400C1651E /* FirebaseDatabaseSwift */,
				6E4388CB2B1FF6D400C1651E /* FirebaseDynamicLinks */,
				6E4388CD2B1FF6D400C1651E /* FirebaseFirestore */,
				6E4388CF2B1FF6D400C1651E /* FirebaseFirestoreCombine-Community */,
				6E4388D12B1FF6D400C1651E /* FirebaseFirestoreSwift */,
				6E4388D32B1FF6D400C1651E /* FirebaseFunctions */,
				6E4388D52B1FF6D400C1651E /* FirebaseFunctionsCombine-Community */,
				6E4388D72B1FF6D400C1651E /* FirebaseInAppMessaging-Beta */,
				6E4388D92B1FF6D400C1651E /* FirebaseInAppMessagingSwift-Beta */,
				6E4388DB2B1FF6D400C1651E /* FirebaseInstallations */,
				6E4388DD2B1FF6D400C1651E /* FirebaseMLModelDownloader */,
				6E4388DF2B1FF6D400C1651E /* FirebaseMessaging */,
				6E4388E12B1FF6D400C1651E /* FirebasePerformance */,
				6E4388E32B1FF6D400C1651E /* FirebaseRemoteConfig */,
				6E4388E52B1FF6D400C1651E /* FirebaseRemoteConfigSwift */,
				6E4388E72B1FF6D400C1651E /* FirebaseStorage */,
				6E4388E92B1FF6D400C1651E /* FirebaseStorageCombine-Community */,
			);
			productName = "TWC Scheduler";
			productReference = 6E81279F2B1D2B790027300D /* TWC Scheduler.app */;
			productType = "com.apple.product-type.application";
		};
/* End PBXNativeTarget section */

/* Begin PBXProject section */
		6E8127972B1D2B790027300D /* Project object */ = {
			isa = PBXProject;
			attributes = {
				BuildIndependentTargetsInParallel = 1;
				LastSwiftUpdateCheck = 1500;
				LastUpgradeCheck = 1500;
				TargetAttributes = {
					6E81279E2B1D2B790027300D = {
						CreatedOnToolsVersion = 15.0.1;
					};
				};
			};
			buildConfigurationList = 6E81279A2B1D2B790027300D /* Build configuration list for PBXProject "TWC Scheduler" */;
			compatibilityVersion = "Xcode 14.0";
			developmentRegion = en;
			hasScannedForEncodings = 0;
			knownRegions = (
				en,
				Base,
			);
			mainGroup = 6E8127962B1D2B790027300D;
			packageReferences = (
				6E43887C2B1EAAFF00C1651E /* XCRemoteSwiftPackageReference "firebase-ios-sdk" */,
			);
			productRefGroup = 6E8127A02B1D2B790027300D /* Products */;
			projectDirPath = "";
			projectRoot = "";
			targets = (
				6E81279E2B1D2B790027300D /* TWC Scheduler */,
			);
		};
/* End PBXProject section */

/* Begin PBXResourcesBuildPhase section */
		6E81279D2B1D2B790027300D /* Resources */ = {
			isa = PBXResourcesBuildPhase;
			buildActionMask = 2147483647;
			files = (
				6E8127AA2B1D2B7B0027300D /* Preview Assets.xcassets in Resources */,
				6E4388EC2B20009200C1651E /* GoogleService-Info.plist in Resources */,
				6E8127A72B1D2B7B0027300D /* Assets.xcassets in Resources */,
				6E8127C32B1D3BB70027300D /* exampleJSON.json in Resources */,
			);
			runOnlyForDeploymentPostprocessing = 0;
		};
/* End PBXResourcesBuildPhase section */

/* Begin PBXSourcesBuildPhase section */
		6E81279B2B1D2B790027300D /* Sources */ = {
			isa = PBXSourcesBuildPhase;
			buildActionMask = 2147483647;
			files = (
				6E8127A52B1D2B790027300D /* ContentView.swift in Sources */,
				6E8127B72B1D31070027300D /* FieldEmployeeListViewModel.swift in Sources */,
				6E4388F02B2022B500C1651E /* QueryDocumentSnapshotExtension.swift in Sources */,
				6E8127B22B1D2B910027300D /* FieldEmployee.swift in Sources */,
				6E8127A32B1D2B790027300D /* TWC_SchedulerApp.swift in Sources */,
				6E4388F22B20289F00C1651E /* FieldEmployeeListCell.swift in Sources */,
				6E8127B42B1D2BCA0027300D /* Project.swift in Sources */,
				6E43887B2B1D4BC200C1651E /* AddFieldEmployee.swift in Sources */,
				6E8127BA2B1D31560027300D /* FieldEmployeeListView.swift in Sources */,
			);
			runOnlyForDeploymentPostprocessing = 0;
		};
/* End PBXSourcesBuildPhase section */

/* Begin XCBuildConfiguration section */
		6E8127AB2B1D2B7B0027300D /* Debug */ = {
			isa = XCBuildConfiguration;
			buildSettings = {
				ALWAYS_SEARCH_USER_PATHS = NO;
				ASSETCATALOG_COMPILER_GENERATE_SWIFT_ASSET_SYMBOL_EXTENSIONS = YES;
				CLANG_ANALYZER_NONNULL = YES;
				CLANG_ANALYZER_NUMBER_OBJECT_CONVERSION = YES_AGGRESSIVE;
				CLANG_CXX_LANGUAGE_STANDARD = "gnu++20";
				CLANG_ENABLE_MODULES = YES;
				CLANG_ENABLE_OBJC_ARC = YES;
				CLANG_ENABLE_OBJC_WEAK = YES;
				CLANG_WARN_BLOCK_CAPTURE_AUTORELEASING = YES;
				CLANG_WARN_BOOL_CONVERSION = YES;
				CLANG_WARN_COMMA = YES;
				CLANG_WARN_CONSTANT_CONVERSION = YES;
				CLANG_WARN_DEPRECATED_OBJC_IMPLEMENTATIONS = YES;
				CLANG_WARN_DIRECT_OBJC_ISA_USAGE = YES_ERROR;
				CLANG_WARN_DOCUMENTATION_COMMENTS = YES;
				CLANG_WARN_EMPTY_BODY = YES;
				CLANG_WARN_ENUM_CONVERSION = YES;
				CLANG_WARN_INFINITE_RECURSION = YES;
				CLANG_WARN_INT_CONVERSION = YES;
				CLANG_WARN_NON_LITERAL_NULL_CONVERSION = YES;
				CLANG_WARN_OBJC_IMPLICIT_RETAIN_SELF = YES;
				CLANG_WARN_OBJC_LITERAL_CONVERSION = YES;
				CLANG_WARN_OBJC_ROOT_CLASS = YES_ERROR;
				CLANG_WARN_QUOTED_INCLUDE_IN_FRAMEWORK_HEADER = YES;
				CLANG_WARN_RANGE_LOOP_ANALYSIS = YES;
				CLANG_WARN_STRICT_PROTOTYPES = YES;
				CLANG_WARN_SUSPICIOUS_MOVE = YES;
				CLANG_WARN_UNGUARDED_AVAILABILITY = YES_AGGRESSIVE;
				CLANG_WARN_UNREACHABLE_CODE = YES;
				CLANG_WARN__DUPLICATE_METHOD_MATCH = YES;
				COPY_PHASE_STRIP = NO;
				DEBUG_INFORMATION_FORMAT = dwarf;
				ENABLE_STRICT_OBJC_MSGSEND = YES;
				ENABLE_TESTABILITY = YES;
				ENABLE_USER_SCRIPT_SANDBOXING = YES;
				GCC_C_LANGUAGE_STANDARD = gnu17;
				GCC_DYNAMIC_NO_PIC = NO;
				GCC_NO_COMMON_BLOCKS = YES;
				GCC_OPTIMIZATION_LEVEL = 0;
				GCC_PREPROCESSOR_DEFINITIONS = (
					"DEBUG=1",
					"$(inherited)",
				);
				GCC_WARN_64_TO_32_BIT_CONVERSION = YES;
				GCC_WARN_ABOUT_RETURN_TYPE = YES_ERROR;
				GCC_WARN_UNDECLARED_SELECTOR = YES;
				GCC_WARN_UNINITIALIZED_AUTOS = YES_AGGRESSIVE;
				GCC_WARN_UNUSED_FUNCTION = YES;
				GCC_WARN_UNUSED_VARIABLE = YES;
				IPHONEOS_DEPLOYMENT_TARGET = 17.0;
				LOCALIZATION_PREFERS_STRING_CATALOGS = YES;
				MTL_ENABLE_DEBUG_INFO = INCLUDE_SOURCE;
				MTL_FAST_MATH = YES;
				ONLY_ACTIVE_ARCH = YES;
				SDKROOT = iphoneos;
				SWIFT_ACTIVE_COMPILATION_CONDITIONS = "DEBUG $(inherited)";
				SWIFT_OPTIMIZATION_LEVEL = "-Onone";
			};
			name = Debug;
		};
		6E8127AC2B1D2B7B0027300D /* Release */ = {
			isa = XCBuildConfiguration;
			buildSettings = {
				ALWAYS_SEARCH_USER_PATHS = NO;
				ASSETCATALOG_COMPILER_GENERATE_SWIFT_ASSET_SYMBOL_EXTENSIONS = YES;
				CLANG_ANALYZER_NONNULL = YES;
				CLANG_ANALYZER_NUMBER_OBJECT_CONVERSION = YES_AGGRESSIVE;
				CLANG_CXX_LANGUAGE_STANDARD = "gnu++20";
				CLANG_ENABLE_MODULES = YES;
				CLANG_ENABLE_OBJC_ARC = YES;
				CLANG_ENABLE_OBJC_WEAK = YES;
				CLANG_WARN_BLOCK_CAPTURE_AUTORELEASING = YES;
				CLANG_WARN_BOOL_CONVERSION = YES;
				CLANG_WARN_COMMA = YES;
				CLANG_WARN_CONSTANT_CONVERSION = YES;
				CLANG_WARN_DEPRECATED_OBJC_IMPLEMENTATIONS = YES;
				CLANG_WARN_DIRECT_OBJC_ISA_USAGE = YES_ERROR;
				CLANG_WARN_DOCUMENTATION_COMMENTS = YES;
				CLANG_WARN_EMPTY_BODY = YES;
				CLANG_WARN_ENUM_CONVERSION = YES;
				CLANG_WARN_INFINITE_RECURSION = YES;
				CLANG_WARN_INT_CONVERSION = YES;
				CLANG_WARN_NON_LITERAL_NULL_CONVERSION = YES;
				CLANG_WARN_OBJC_IMPLICIT_RETAIN_SELF = YES;
				CLANG_WARN_OBJC_LITERAL_CONVERSION = YES;
				CLANG_WARN_OBJC_ROOT_CLASS = YES_ERROR;
				CLANG_WARN_QUOTED_INCLUDE_IN_FRAMEWORK_HEADER = YES;
				CLANG_WARN_RANGE_LOOP_ANALYSIS = YES;
				CLANG_WARN_STRICT_PROTOTYPES = YES;
				CLANG_WARN_SUSPICIOUS_MOVE = YES;
				CLANG_WARN_UNGUARDED_AVAILABILITY = YES_AGGRESSIVE;
				CLANG_WARN_UNREACHABLE_CODE = YES;
				CLANG_WARN__DUPLICATE_METHOD_MATCH = YES;
				COPY_PHASE_STRIP = NO;
				DEBUG_INFORMATION_FORMAT = "dwarf-with-dsym";
				ENABLE_NS_ASSERTIONS = NO;
				ENABLE_STRICT_OBJC_MSGSEND = YES;
				ENABLE_USER_SCRIPT_SANDBOXING = YES;
				GCC_C_LANGUAGE_STANDARD = gnu17;
				GCC_NO_COMMON_BLOCKS = YES;
				GCC_WARN_64_TO_32_BIT_CONVERSION = YES;
				GCC_WARN_ABOUT_RETURN_TYPE = YES_ERROR;
				GCC_WARN_UNDECLARED_SELECTOR = YES;
				GCC_WARN_UNINITIALIZED_AUTOS = YES_AGGRESSIVE;
				GCC_WARN_UNUSED_FUNCTION = YES;
				GCC_WARN_UNUSED_VARIABLE = YES;
				IPHONEOS_DEPLOYMENT_TARGET = 17.0;
				LOCALIZATION_PREFERS_STRING_CATALOGS = YES;
				MTL_ENABLE_DEBUG_INFO = NO;
				MTL_FAST_MATH = YES;
				SDKROOT = iphoneos;
				SWIFT_COMPILATION_MODE = wholemodule;
				VALIDATE_PRODUCT = YES;
			};
			name = Release;
		};
		6E8127AE2B1D2B7B0027300D /* Debug */ = {
			isa = XCBuildConfiguration;
			buildSettings = {
				ASSETCATALOG_COMPILER_APPICON_NAME = AppIcon;
				ASSETCATALOG_COMPILER_GLOBAL_ACCENT_COLOR_NAME = AccentColor;
				CODE_SIGN_STYLE = Automatic;
				CURRENT_PROJECT_VERSION = 1;
				DEVELOPMENT_ASSET_PATHS = "\"TWC Scheduler/Preview Content\"";
				DEVELOPMENT_TEAM = HER732L49Q;
				ENABLE_PREVIEWS = YES;
				GENERATE_INFOPLIST_FILE = YES;
				INFOPLIST_KEY_UIApplicationSceneManifest_Generation = YES;
				INFOPLIST_KEY_UIApplicationSupportsIndirectInputEvents = YES;
				INFOPLIST_KEY_UILaunchScreen_Generation = YES;
				INFOPLIST_KEY_UISupportedInterfaceOrientations_iPad = "UIInterfaceOrientationPortrait UIInterfaceOrientationPortraitUpsideDown UIInterfaceOrientationLandscapeLeft UIInterfaceOrientationLandscapeRight";
				INFOPLIST_KEY_UISupportedInterfaceOrientations_iPhone = "UIInterfaceOrientationPortrait UIInterfaceOrientationLandscapeLeft UIInterfaceOrientationLandscapeRight";
				IPHONEOS_DEPLOYMENT_TARGET = 17.0;
				LD_RUNPATH_SEARCH_PATHS = (
					"$(inherited)",
					"@executable_path/Frameworks",
				);
				MARKETING_VERSION = 1.0;
				PRODUCT_BUNDLE_IDENTIFIER = "com.NickKearns.TWC-Scheduler";
				PRODUCT_NAME = "$(TARGET_NAME)";
				SWIFT_EMIT_LOC_STRINGS = YES;
				SWIFT_VERSION = 5.0;
				TARGETED_DEVICE_FAMILY = "1,2";
			};
			name = Debug;
		};
		6E8127AF2B1D2B7B0027300D /* Release */ = {
			isa = XCBuildConfiguration;
			buildSettings = {
				ASSETCATALOG_COMPILER_APPICON_NAME = AppIcon;
				ASSETCATALOG_COMPILER_GLOBAL_ACCENT_COLOR_NAME = AccentColor;
				CODE_SIGN_STYLE = Automatic;
				CURRENT_PROJECT_VERSION = 1;
				DEVELOPMENT_ASSET_PATHS = "\"TWC Scheduler/Preview Content\"";
				DEVELOPMENT_TEAM = HER732L49Q;
				ENABLE_PREVIEWS = YES;
				GENERATE_INFOPLIST_FILE = YES;
				INFOPLIST_KEY_UIApplicationSceneManifest_Generation = YES;
				INFOPLIST_KEY_UIApplicationSupportsIndirectInputEvents = YES;
				INFOPLIST_KEY_UILaunchScreen_Generation = YES;
				INFOPLIST_KEY_UISupportedInterfaceOrientations_iPad = "UIInterfaceOrientationPortrait UIInterfaceOrientationPortraitUpsideDown UIInterfaceOrientationLandscapeLeft UIInterfaceOrientationLandscapeRight";
				INFOPLIST_KEY_UISupportedInterfaceOrientations_iPhone = "UIInterfaceOrientationPortrait UIInterfaceOrientationLandscapeLeft UIInterfaceOrientationLandscapeRight";
				IPHONEOS_DEPLOYMENT_TARGET = 17.0;
				LD_RUNPATH_SEARCH_PATHS = (
					"$(inherited)",
					"@executable_path/Frameworks",
				);
				MARKETING_VERSION = 1.0;
				PRODUCT_BUNDLE_IDENTIFIER = "com.NickKearns.TWC-Scheduler";
				PRODUCT_NAME = "$(TARGET_NAME)";
				SWIFT_EMIT_LOC_STRINGS = YES;
				SWIFT_VERSION = 5.0;
				TARGETED_DEVICE_FAMILY = "1,2";
			};
			name = Release;
		};
/* End XCBuildConfiguration section */

/* Begin XCConfigurationList section */
		6E81279A2B1D2B790027300D /* Build configuration list for PBXProject "TWC Scheduler" */ = {
			isa = XCConfigurationList;
			buildConfigurations = (
				6E8127AB2B1D2B7B0027300D /* Debug */,
				6E8127AC2B1D2B7B0027300D /* Release */,
			);
			defaultConfigurationIsVisible = 0;
			defaultConfigurationName = Release;
		};
		6E8127AD2B1D2B7B0027300D /* Build configuration list for PBXNativeTarget "TWC Scheduler" */ = {
			isa = XCConfigurationList;
			buildConfigurations = (
				6E8127AE2B1D2B7B0027300D /* Debug */,
				6E8127AF2B1D2B7B0027300D /* Release */,
			);
			defaultConfigurationIsVisible = 0;
			defaultConfigurationName = Release;
		};
/* End XCConfigurationList section */

/* Begin XCRemoteSwiftPackageReference section */
		6E43887C2B1EAAFF00C1651E /* XCRemoteSwiftPackageReference "firebase-ios-sdk" */ = {
			isa = XCRemoteSwiftPackageReference;
			repositoryURL = "https://github.com/firebase/firebase-ios-sdk";
			requirement = {
				kind = upToNextMajorVersion;
				minimumVersion = 10.18.0;
			};
		};
/* End XCRemoteSwiftPackageReference section */

/* Begin XCSwiftPackageProductDependency section */
		6E43887D2B1EAAFF00C1651E /* FirebaseAnalytics */ = {
			isa = XCSwiftPackageProductDependency;
			package = 6E43887C2B1EAAFF00C1651E /* XCRemoteSwiftPackageReference "firebase-ios-sdk" */;
			productName = FirebaseAnalytics;
		};
		6E43887F2B1EAAFF00C1651E /* FirebaseAnalyticsOnDeviceConversion */ = {
			isa = XCSwiftPackageProductDependency;
			package = 6E43887C2B1EAAFF00C1651E /* XCRemoteSwiftPackageReference "firebase-ios-sdk" */;
			productName = FirebaseAnalyticsOnDeviceConversion;
		};
		6E4388812B1EAAFF00C1651E /* FirebaseAnalyticsSwift */ = {
			isa = XCSwiftPackageProductDependency;
			package = 6E43887C2B1EAAFF00C1651E /* XCRemoteSwiftPackageReference "firebase-ios-sdk" */;
			productName = FirebaseAnalyticsSwift;
		};
		6E4388832B1EAAFF00C1651E /* FirebaseAnalyticsWithoutAdIdSupport */ = {
			isa = XCSwiftPackageProductDependency;
			package = 6E43887C2B1EAAFF00C1651E /* XCRemoteSwiftPackageReference "firebase-ios-sdk" */;
			productName = FirebaseAnalyticsWithoutAdIdSupport;
		};
		6E4388852B1EAAFF00C1651E /* FirebaseAppCheck */ = {
			isa = XCSwiftPackageProductDependency;
			package = 6E43887C2B1EAAFF00C1651E /* XCRemoteSwiftPackageReference "firebase-ios-sdk" */;
			productName = FirebaseAppCheck;
		};
		6E4388872B1EAAFF00C1651E /* FirebaseAppDistribution-Beta */ = {
			isa = XCSwiftPackageProductDependency;
			package = 6E43887C2B1EAAFF00C1651E /* XCRemoteSwiftPackageReference "firebase-ios-sdk" */;
			productName = "FirebaseAppDistribution-Beta";
		};
		6E4388892B1EAAFF00C1651E /* FirebaseAuth */ = {
			isa = XCSwiftPackageProductDependency;
			package = 6E43887C2B1EAAFF00C1651E /* XCRemoteSwiftPackageReference "firebase-ios-sdk" */;
			productName = FirebaseAuth;
		};
		6E43888B2B1EAAFF00C1651E /* FirebaseAuthCombine-Community */ = {
			isa = XCSwiftPackageProductDependency;
			package = 6E43887C2B1EAAFF00C1651E /* XCRemoteSwiftPackageReference "firebase-ios-sdk" */;
			productName = "FirebaseAuthCombine-Community";
		};
		6E43888D2B1EAAFF00C1651E /* FirebaseCrashlytics */ = {
			isa = XCSwiftPackageProductDependency;
			package = 6E43887C2B1EAAFF00C1651E /* XCRemoteSwiftPackageReference "firebase-ios-sdk" */;
			productName = FirebaseCrashlytics;
		};
		6E43888F2B1EAAFF00C1651E /* FirebaseDatabase */ = {
			isa = XCSwiftPackageProductDependency;
			package = 6E43887C2B1EAAFF00C1651E /* XCRemoteSwiftPackageReference "firebase-ios-sdk" */;
			productName = FirebaseDatabase;
		};
		6E4388912B1EAAFF00C1651E /* FirebaseDatabaseSwift */ = {
			isa = XCSwiftPackageProductDependency;
			package = 6E43887C2B1EAAFF00C1651E /* XCRemoteSwiftPackageReference "firebase-ios-sdk" */;
			productName = FirebaseDatabaseSwift;
		};
		6E4388932B1EAAFF00C1651E /* FirebaseDynamicLinks */ = {
			isa = XCSwiftPackageProductDependency;
			package = 6E43887C2B1EAAFF00C1651E /* XCRemoteSwiftPackageReference "firebase-ios-sdk" */;
			productName = FirebaseDynamicLinks;
		};
		6E4388952B1EAAFF00C1651E /* FirebaseFirestore */ = {
			isa = XCSwiftPackageProductDependency;
			package = 6E43887C2B1EAAFF00C1651E /* XCRemoteSwiftPackageReference "firebase-ios-sdk" */;
			productName = FirebaseFirestore;
		};
		6E4388972B1EAAFF00C1651E /* FirebaseFirestoreCombine-Community */ = {
			isa = XCSwiftPackageProductDependency;
			package = 6E43887C2B1EAAFF00C1651E /* XCRemoteSwiftPackageReference "firebase-ios-sdk" */;
			productName = "FirebaseFirestoreCombine-Community";
		};
		6E4388992B1EAAFF00C1651E /* FirebaseFirestoreSwift */ = {
			isa = XCSwiftPackageProductDependency;
			package = 6E43887C2B1EAAFF00C1651E /* XCRemoteSwiftPackageReference "firebase-ios-sdk" */;
			productName = FirebaseFirestoreSwift;
		};
		6E43889B2B1EAAFF00C1651E /* FirebaseFunctions */ = {
			isa = XCSwiftPackageProductDependency;
			package = 6E43887C2B1EAAFF00C1651E /* XCRemoteSwiftPackageReference "firebase-ios-sdk" */;
			productName = FirebaseFunctions;
		};
		6E43889D2B1EAAFF00C1651E /* FirebaseFunctionsCombine-Community */ = {
			isa = XCSwiftPackageProductDependency;
			package = 6E43887C2B1EAAFF00C1651E /* XCRemoteSwiftPackageReference "firebase-ios-sdk" */;
			productName = "FirebaseFunctionsCombine-Community";
		};
		6E43889F2B1EAAFF00C1651E /* FirebaseInAppMessaging-Beta */ = {
			isa = XCSwiftPackageProductDependency;
			package = 6E43887C2B1EAAFF00C1651E /* XCRemoteSwiftPackageReference "firebase-ios-sdk" */;
			productName = "FirebaseInAppMessaging-Beta";
		};
		6E4388A12B1EAAFF00C1651E /* FirebaseInAppMessagingSwift-Beta */ = {
			isa = XCSwiftPackageProductDependency;
			package = 6E43887C2B1EAAFF00C1651E /* XCRemoteSwiftPackageReference "firebase-ios-sdk" */;
			productName = "FirebaseInAppMessagingSwift-Beta";
		};
		6E4388A32B1EAAFF00C1651E /* FirebaseInstallations */ = {
			isa = XCSwiftPackageProductDependency;
			package = 6E43887C2B1EAAFF00C1651E /* XCRemoteSwiftPackageReference "firebase-ios-sdk" */;
			productName = FirebaseInstallations;
		};
		6E4388A52B1EAAFF00C1651E /* FirebaseMLModelDownloader */ = {
			isa = XCSwiftPackageProductDependency;
			package = 6E43887C2B1EAAFF00C1651E /* XCRemoteSwiftPackageReference "firebase-ios-sdk" */;
			productName = FirebaseMLModelDownloader;
		};
		6E4388A72B1EAAFF00C1651E /* FirebaseMessaging */ = {
			isa = XCSwiftPackageProductDependency;
			package = 6E43887C2B1EAAFF00C1651E /* XCRemoteSwiftPackageReference "firebase-ios-sdk" */;
			productName = FirebaseMessaging;
		};
		6E4388A92B1EAAFF00C1651E /* FirebasePerformance */ = {
			isa = XCSwiftPackageProductDependency;
			package = 6E43887C2B1EAAFF00C1651E /* XCRemoteSwiftPackageReference "firebase-ios-sdk" */;
			productName = FirebasePerformance;
		};
		6E4388AB2B1EAAFF00C1651E /* FirebaseRemoteConfig */ = {
			isa = XCSwiftPackageProductDependency;
			package = 6E43887C2B1EAAFF00C1651E /* XCRemoteSwiftPackageReference "firebase-ios-sdk" */;
			productName = FirebaseRemoteConfig;
		};
		6E4388AD2B1EAAFF00C1651E /* FirebaseRemoteConfigSwift */ = {
			isa = XCSwiftPackageProductDependency;
			package = 6E43887C2B1EAAFF00C1651E /* XCRemoteSwiftPackageReference "firebase-ios-sdk" */;
			productName = FirebaseRemoteConfigSwift;
		};
		6E4388AF2B1EAB0000C1651E /* FirebaseStorage */ = {
			isa = XCSwiftPackageProductDependency;
			package = 6E43887C2B1EAAFF00C1651E /* XCRemoteSwiftPackageReference "firebase-ios-sdk" */;
			productName = FirebaseStorage;
		};
		6E4388B12B1EAB0000C1651E /* FirebaseStorageCombine-Community */ = {
			isa = XCSwiftPackageProductDependency;
			package = 6E43887C2B1EAAFF00C1651E /* XCRemoteSwiftPackageReference "firebase-ios-sdk" */;
			productName = "FirebaseStorageCombine-Community";
		};
		6E4388B52B1FF6D400C1651E /* FirebaseAnalytics */ = {
			isa = XCSwiftPackageProductDependency;
			package = 6E43887C2B1EAAFF00C1651E /* XCRemoteSwiftPackageReference "firebase-ios-sdk" */;
			productName = FirebaseAnalytics;
		};
		6E4388B72B1FF6D400C1651E /* FirebaseAnalyticsOnDeviceConversion */ = {
			isa = XCSwiftPackageProductDependency;
			package = 6E43887C2B1EAAFF00C1651E /* XCRemoteSwiftPackageReference "firebase-ios-sdk" */;
			productName = FirebaseAnalyticsOnDeviceConversion;
		};
		6E4388B92B1FF6D400C1651E /* FirebaseAnalyticsSwift */ = {
			isa = XCSwiftPackageProductDependency;
			package = 6E43887C2B1EAAFF00C1651E /* XCRemoteSwiftPackageReference "firebase-ios-sdk" */;
			productName = FirebaseAnalyticsSwift;
		};
		6E4388BB2B1FF6D400C1651E /* FirebaseAnalyticsWithoutAdIdSupport */ = {
			isa = XCSwiftPackageProductDependency;
			package = 6E43887C2B1EAAFF00C1651E /* XCRemoteSwiftPackageReference "firebase-ios-sdk" */;
			productName = FirebaseAnalyticsWithoutAdIdSupport;
		};
		6E4388BD2B1FF6D400C1651E /* FirebaseAppCheck */ = {
			isa = XCSwiftPackageProductDependency;
			package = 6E43887C2B1EAAFF00C1651E /* XCRemoteSwiftPackageReference "firebase-ios-sdk" */;
			productName = FirebaseAppCheck;
		};
		6E4388BF2B1FF6D400C1651E /* FirebaseAppDistribution-Beta */ = {
			isa = XCSwiftPackageProductDependency;
			package = 6E43887C2B1EAAFF00C1651E /* XCRemoteSwiftPackageReference "firebase-ios-sdk" */;
			productName = "FirebaseAppDistribution-Beta";
		};
		6E4388C12B1FF6D400C1651E /* FirebaseAuth */ = {
			isa = XCSwiftPackageProductDependency;
			package = 6E43887C2B1EAAFF00C1651E /* XCRemoteSwiftPackageReference "firebase-ios-sdk" */;
			productName = FirebaseAuth;
		};
		6E4388C32B1FF6D400C1651E /* FirebaseAuthCombine-Community */ = {
			isa = XCSwiftPackageProductDependency;
			package = 6E43887C2B1EAAFF00C1651E /* XCRemoteSwiftPackageReference "firebase-ios-sdk" */;
			productName = "FirebaseAuthCombine-Community";
		};
		6E4388C52B1FF6D400C1651E /* FirebaseCrashlytics */ = {
			isa = XCSwiftPackageProductDependency;
			package = 6E43887C2B1EAAFF00C1651E /* XCRemoteSwiftPackageReference "firebase-ios-sdk" */;
			productName = FirebaseCrashlytics;
		};
		6E4388C72B1FF6D400C1651E /* FirebaseDatabase */ = {
			isa = XCSwiftPackageProductDependency;
			package = 6E43887C2B1EAAFF00C1651E /* XCRemoteSwiftPackageReference "firebase-ios-sdk" */;
			productName = FirebaseDatabase;
		};
		6E4388C92B1FF6D400C1651E /* FirebaseDatabaseSwift */ = {
			isa = XCSwiftPackageProductDependency;
			package = 6E43887C2B1EAAFF00C1651E /* XCRemoteSwiftPackageReference "firebase-ios-sdk" */;
			productName = FirebaseDatabaseSwift;
		};
		6E4388CB2B1FF6D400C1651E /* FirebaseDynamicLinks */ = {
			isa = XCSwiftPackageProductDependency;
			package = 6E43887C2B1EAAFF00C1651E /* XCRemoteSwiftPackageReference "firebase-ios-sdk" */;
			productName = FirebaseDynamicLinks;
		};
		6E4388CD2B1FF6D400C1651E /* FirebaseFirestore */ = {
			isa = XCSwiftPackageProductDependency;
			package = 6E43887C2B1EAAFF00C1651E /* XCRemoteSwiftPackageReference "firebase-ios-sdk" */;
			productName = FirebaseFirestore;
		};
		6E4388CF2B1FF6D400C1651E /* FirebaseFirestoreCombine-Community */ = {
			isa = XCSwiftPackageProductDependency;
			package = 6E43887C2B1EAAFF00C1651E /* XCRemoteSwiftPackageReference "firebase-ios-sdk" */;
			productName = "FirebaseFirestoreCombine-Community";
		};
		6E4388D12B1FF6D400C1651E /* FirebaseFirestoreSwift */ = {
			isa = XCSwiftPackageProductDependency;
			package = 6E43887C2B1EAAFF00C1651E /* XCRemoteSwiftPackageReference "firebase-ios-sdk" */;
			productName = FirebaseFirestoreSwift;
		};
		6E4388D32B1FF6D400C1651E /* FirebaseFunctions */ = {
			isa = XCSwiftPackageProductDependency;
			package = 6E43887C2B1EAAFF00C1651E /* XCRemoteSwiftPackageReference "firebase-ios-sdk" */;
			productName = FirebaseFunctions;
		};
		6E4388D52B1FF6D400C1651E /* FirebaseFunctionsCombine-Community */ = {
			isa = XCSwiftPackageProductDependency;
			package = 6E43887C2B1EAAFF00C1651E /* XCRemoteSwiftPackageReference "firebase-ios-sdk" */;
			productName = "FirebaseFunctionsCombine-Community";
		};
		6E4388D72B1FF6D400C1651E /* FirebaseInAppMessaging-Beta */ = {
			isa = XCSwiftPackageProductDependency;
			package = 6E43887C2B1EAAFF00C1651E /* XCRemoteSwiftPackageReference "firebase-ios-sdk" */;
			productName = "FirebaseInAppMessaging-Beta";
		};
		6E4388D92B1FF6D400C1651E /* FirebaseInAppMessagingSwift-Beta */ = {
			isa = XCSwiftPackageProductDependency;
			package = 6E43887C2B1EAAFF00C1651E /* XCRemoteSwiftPackageReference "firebase-ios-sdk" */;
			productName = "FirebaseInAppMessagingSwift-Beta";
		};
		6E4388DB2B1FF6D400C1651E /* FirebaseInstallations */ = {
			isa = XCSwiftPackageProductDependency;
			package = 6E43887C2B1EAAFF00C1651E /* XCRemoteSwiftPackageReference "firebase-ios-sdk" */;
			productName = FirebaseInstallations;
		};
		6E4388DD2B1FF6D400C1651E /* FirebaseMLModelDownloader */ = {
			isa = XCSwiftPackageProductDependency;
			package = 6E43887C2B1EAAFF00C1651E /* XCRemoteSwiftPackageReference "firebase-ios-sdk" */;
			productName = FirebaseMLModelDownloader;
		};
		6E4388DF2B1FF6D400C1651E /* FirebaseMessaging */ = {
			isa = XCSwiftPackageProductDependency;
			package = 6E43887C2B1EAAFF00C1651E /* XCRemoteSwiftPackageReference "firebase-ios-sdk" */;
			productName = FirebaseMessaging;
		};
		6E4388E12B1FF6D400C1651E /* FirebasePerformance */ = {
			isa = XCSwiftPackageProductDependency;
			package = 6E43887C2B1EAAFF00C1651E /* XCRemoteSwiftPackageReference "firebase-ios-sdk" */;
			productName = FirebasePerformance;
		};
		6E4388E32B1FF6D400C1651E /* FirebaseRemoteConfig */ = {
			isa = XCSwiftPackageProductDependency;
			package = 6E43887C2B1EAAFF00C1651E /* XCRemoteSwiftPackageReference "firebase-ios-sdk" */;
			productName = FirebaseRemoteConfig;
		};
		6E4388E52B1FF6D400C1651E /* FirebaseRemoteConfigSwift */ = {
			isa = XCSwiftPackageProductDependency;
			package = 6E43887C2B1EAAFF00C1651E /* XCRemoteSwiftPackageReference "firebase-ios-sdk" */;
			productName = FirebaseRemoteConfigSwift;
		};
		6E4388E72B1FF6D400C1651E /* FirebaseStorage */ = {
			isa = XCSwiftPackageProductDependency;
			package = 6E43887C2B1EAAFF00C1651E /* XCRemoteSwiftPackageReference "firebase-ios-sdk" */;
			productName = FirebaseStorage;
		};
		6E4388E92B1FF6D400C1651E /* FirebaseStorageCombine-Community */ = {
			isa = XCSwiftPackageProductDependency;
			package = 6E43887C2B1EAAFF00C1651E /* XCRemoteSwiftPackageReference "firebase-ios-sdk" */;
			productName = "FirebaseStorageCombine-Community";
		};
/* End XCSwiftPackageProductDependency section */
	};
	rootObject = 6E8127972B1D2B790027300D /* Project object */;
}
