// !$*UTF8*$!
{
	archiveVersion = 1;
	classes = {
	};
	objectVersion = 56;
	objects = {

/* Begin PBXBuildFile section */
		6E43887B2B1D4BC200C1651E /* AddFieldEmployee.swift in Sources */ = {isa = PBXBuildFile; fileRef = 6E43887A2B1D4BC200C1651E /* AddFieldEmployee.swift */; };
		6E8127A32B1D2B790027300D /* TWC_SchedulerApp.swift in Sources */ = {isa = PBXBuildFile; fileRef = 6E8127A22B1D2B790027300D /* TWC_SchedulerApp.swift */; };
		6E8127A52B1D2B790027300D /* ContentView.swift in Sources */ = {isa = PBXBuildFile; fileRef = 6E8127A42B1D2B790027300D /* ContentView.swift */; };
		6E8127A72B1D2B7B0027300D /* Assets.xcassets in Resources */ = {isa = PBXBuildFile; fileRef = 6E8127A62B1D2B7B0027300D /* Assets.xcassets */; };
		6E8127AA2B1D2B7B0027300D /* Preview Assets.xcassets in Resources */ = {isa = PBXBuildFile; fileRef = 6E8127A92B1D2B7B0027300D /* Preview Assets.xcassets */; };
		6E8127B22B1D2B910027300D /* FieldEmployee.swift in Sources */ = {isa = PBXBuildFile; fileRef = 6E8127B12B1D2B910027300D /* FieldEmployee.swift */; };
		6E8127B42B1D2BCA0027300D /* Project.swift in Sources */ = {isa = PBXBuildFile; fileRef = 6E8127B32B1D2BCA0027300D /* Project.swift */; };
		6E8127B72B1D31070027300D /* FieldEmployeeListViewModel.swift in Sources */ = {isa = PBXBuildFile; fileRef = 6E8127B62B1D31070027300D /* FieldEmployeeListViewModel.swift */; };
		6E8127BA2B1D31560027300D /* FieldEmployeeListView.swift in Sources */ = {isa = PBXBuildFile; fileRef = 6E8127B92B1D31560027300D /* FieldEmployeeListView.swift */; };
		6E8127BF2B1D36590027300D /* FileManager-DocumentsDirectory.swift in Sources */ = {isa = PBXBuildFile; fileRef = 6E8127BE2B1D36590027300D /* FileManager-DocumentsDirectory.swift */; };
		6E8127C32B1D3BB70027300D /* exampleJSON.json in Resources */ = {isa = PBXBuildFile; fileRef = 6E8127C22B1D3BB70027300D /* exampleJSON.json */; };
/* End PBXBuildFile section */

/* Begin PBXFileReference section */
		6E43887A2B1D4BC200C1651E /* AddFieldEmployee.swift */ = {isa = PBXFileReference; lastKnownFileType = sourcecode.swift; path = AddFieldEmployee.swift; sourceTree = "<group>"; };
		6E81279F2B1D2B790027300D /* TWC Scheduler.app */ = {isa = PBXFileReference; explicitFileType = wrapper.application; includeInIndex = 0; path = "TWC Scheduler.app"; sourceTree = BUILT_PRODUCTS_DIR; };
		6E8127A22B1D2B790027300D /* TWC_SchedulerApp.swift */ = {isa = PBXFileReference; lastKnownFileType = sourcecode.swift; path = TWC_SchedulerApp.swift; sourceTree = "<group>"; };
		6E8127A42B1D2B790027300D /* ContentView.swift */ = {isa = PBXFileReference; lastKnownFileType = sourcecode.swift; path = ContentView.swift; sourceTree = "<group>"; };
		6E8127A62B1D2B7B0027300D /* Assets.xcassets */ = {isa = PBXFileReference; lastKnownFileType = folder.assetcatalog; path = Assets.xcassets; sourceTree = "<group>"; };
		6E8127A92B1D2B7B0027300D /* Preview Assets.xcassets */ = {isa = PBXFileReference; lastKnownFileType = folder.assetcatalog; path = "Preview Assets.xcassets"; sourceTree = "<group>"; };
		6E8127B12B1D2B910027300D /* FieldEmployee.swift */ = {isa = PBXFileReference; lastKnownFileType = sourcecode.swift; path = FieldEmployee.swift; sourceTree = "<group>"; };
		6E8127B32B1D2BCA0027300D /* Project.swift */ = {isa = PBXFileReference; lastKnownFileType = sourcecode.swift; path = Project.swift; sourceTree = "<group>"; };
		6E8127B62B1D31070027300D /* FieldEmployeeListViewModel.swift */ = {isa = PBXFileReference; lastKnownFileType = sourcecode.swift; path = FieldEmployeeListViewModel.swift; sourceTree = "<group>"; };
		6E8127B92B1D31560027300D /* FieldEmployeeListView.swift */ = {isa = PBXFileReference; lastKnownFileType = sourcecode.swift; path = FieldEmployeeListView.swift; sourceTree = "<group>"; };
		6E8127BE2B1D36590027300D /* FileManager-DocumentsDirectory.swift */ = {isa = PBXFileReference; lastKnownFileType = sourcecode.swift; path = "FileManager-DocumentsDirectory.swift"; sourceTree = "<group>"; };
		6E8127C22B1D3BB70027300D /* exampleJSON.json */ = {isa = PBXFileReference; fileEncoding = 4; lastKnownFileType = text.json; path = exampleJSON.json; sourceTree = "<group>"; };
/* End PBXFileReference section */

/* Begin PBXFrameworksBuildPhase section */
		6E81279C2B1D2B790027300D /* Frameworks */ = {
			isa = PBXFrameworksBuildPhase;
			buildActionMask = 2147483647;
			files = (
			);
			runOnlyForDeploymentPostprocessing = 0;
		};
/* End PBXFrameworksBuildPhase section */

/* Begin PBXGroup section */
		6E8127962B1D2B790027300D = {
			isa = PBXGroup;
			children = (
				6E8127A12B1D2B790027300D /* TWC Scheduler */,
				6E8127A02B1D2B790027300D /* Products */,
			);
			sourceTree = "<group>";
		};
		6E8127A02B1D2B790027300D /* Products */ = {
			isa = PBXGroup;
			children = (
				6E81279F2B1D2B790027300D /* TWC Scheduler.app */,
			);
			name = Products;
			sourceTree = "<group>";
		};
		6E8127A12B1D2B790027300D /* TWC Scheduler */ = {
			isa = PBXGroup;
			children = (
				6E8127A22B1D2B790027300D /* TWC_SchedulerApp.swift */,
				6E8127A42B1D2B790027300D /* ContentView.swift */,
				6E8127B52B1D30F00027300D /* Views */,
				6E8127BB2B1D362D0027300D /* Utilities */,
				6E8127B02B1D2B830027300D /* Models */,
				6E8127A62B1D2B7B0027300D /* Assets.xcassets */,
				6E8127C22B1D3BB70027300D /* exampleJSON.json */,
				6E8127A82B1D2B7B0027300D /* Preview Content */,
			);
			path = "TWC Scheduler";
			sourceTree = "<group>";
		};
		6E8127A82B1D2B7B0027300D /* Preview Content */ = {
			isa = PBXGroup;
			children = (
				6E8127A92B1D2B7B0027300D /* Preview Assets.xcassets */,
			);
			path = "Preview Content";
			sourceTree = "<group>";
		};
		6E8127B02B1D2B830027300D /* Models */ = {
			isa = PBXGroup;
			children = (
				6E8127B12B1D2B910027300D /* FieldEmployee.swift */,
				6E8127B32B1D2BCA0027300D /* Project.swift */,
			);
			path = Models;
			sourceTree = "<group>";
		};
		6E8127B52B1D30F00027300D /* Views */ = {
			isa = PBXGroup;
			children = (
				6E8127B82B1D31400027300D /* FieldEmployeeListView */,
				6E43887A2B1D4BC200C1651E /* AddFieldEmployee.swift */,
			);
			path = Views;
			sourceTree = "<group>";
		};
		6E8127B82B1D31400027300D /* FieldEmployeeListView */ = {
			isa = PBXGroup;
			children = (
				6E8127B62B1D31070027300D /* FieldEmployeeListViewModel.swift */,
				6E8127B92B1D31560027300D /* FieldEmployeeListView.swift */,
			);
			path = FieldEmployeeListView;
			sourceTree = "<group>";
		};
		6E8127BB2B1D362D0027300D /* Utilities */ = {
			isa = PBXGroup;
			children = (
				6E8127BE2B1D36590027300D /* FileManager-DocumentsDirectory.swift */,
			);
			path = Utilities;
			sourceTree = "<group>";
		};
/* End PBXGroup section */

/* Begin PBXNativeTarget section */
		6E81279E2B1D2B790027300D /* TWC Scheduler */ = {
			isa = PBXNativeTarget;
			buildConfigurationList = 6E8127AD2B1D2B7B0027300D /* Build configuration list for PBXNativeTarget "TWC Scheduler" */;
			buildPhases = (
				6E81279B2B1D2B790027300D /* Sources */,
				6E81279C2B1D2B790027300D /* Frameworks */,
				6E81279D2B1D2B790027300D /* Resources */,
			);
			buildRules = (
			);
			dependencies = (
			);
			name = "TWC Scheduler";
			productName = "TWC Scheduler";
			productReference = 6E81279F2B1D2B790027300D /* TWC Scheduler.app */;
			productType = "com.apple.product-type.application";
		};
/* End PBXNativeTarget section */

/* Begin PBXProject section */
		6E8127972B1D2B790027300D /* Project object */ = {
			isa = PBXProject;
			attributes = {
				BuildIndependentTargetsInParallel = 1;
				LastSwiftUpdateCheck = 1500;
				LastUpgradeCheck = 1500;
				TargetAttributes = {
					6E81279E2B1D2B790027300D = {
						CreatedOnToolsVersion = 15.0.1;
					};
				};
			};
			buildConfigurationList = 6E81279A2B1D2B790027300D /* Build configuration list for PBXProject "TWC Scheduler" */;
			compatibilityVersion = "Xcode 14.0";
			developmentRegion = en;
			hasScannedForEncodings = 0;
			knownRegions = (
				en,
				Base,
			);
			mainGroup = 6E8127962B1D2B790027300D;
			productRefGroup = 6E8127A02B1D2B790027300D /* Products */;
			projectDirPath = "";
			projectRoot = "";
			targets = (
				6E81279E2B1D2B790027300D /* TWC Scheduler */,
			);
		};
/* End PBXProject section */

/* Begin PBXResourcesBuildPhase section */
		6E81279D2B1D2B790027300D /* Resources */ = {
			isa = PBXResourcesBuildPhase;
			buildActionMask = 2147483647;
			files = (
				6E8127AA2B1D2B7B0027300D /* Preview Assets.xcassets in Resources */,
				6E8127A72B1D2B7B0027300D /* Assets.xcassets in Resources */,
				6E8127C32B1D3BB70027300D /* exampleJSON.json in Resources */,
			);
			runOnlyForDeploymentPostprocessing = 0;
		};
/* End PBXResourcesBuildPhase section */

/* Begin PBXSourcesBuildPhase section */
		6E81279B2B1D2B790027300D /* Sources */ = {
			isa = PBXSourcesBuildPhase;
			buildActionMask = 2147483647;
			files = (
				6E8127A52B1D2B790027300D /* ContentView.swift in Sources */,
				6E8127BF2B1D36590027300D /* FileManager-DocumentsDirectory.swift in Sources */,
				6E8127B72B1D31070027300D /* FieldEmployeeListViewModel.swift in Sources */,
				6E8127B22B1D2B910027300D /* FieldEmployee.swift in Sources */,
				6E8127A32B1D2B790027300D /* TWC_SchedulerApp.swift in Sources */,
				6E8127B42B1D2BCA0027300D /* Project.swift in Sources */,
				6E43887B2B1D4BC200C1651E /* AddFieldEmployee.swift in Sources */,
				6E8127BA2B1D31560027300D /* FieldEmployeeListView.swift in Sources */,
			);
			runOnlyForDeploymentPostprocessing = 0;
		};
/* End PBXSourcesBuildPhase section */

/* Begin XCBuildConfiguration section */
		6E8127AB2B1D2B7B0027300D /* Debug */ = {
			isa = XCBuildConfiguration;
			buildSettings = {
				ALWAYS_SEARCH_USER_PATHS = NO;
				ASSETCATALOG_COMPILER_GENERATE_SWIFT_ASSET_SYMBOL_EXTENSIONS = YES;
				CLANG_ANALYZER_NONNULL = YES;
				CLANG_ANALYZER_NUMBER_OBJECT_CONVERSION = YES_AGGRESSIVE;
				CLANG_CXX_LANGUAGE_STANDARD = "gnu++20";
				CLANG_ENABLE_MODULES = YES;
				CLANG_ENABLE_OBJC_ARC = YES;
				CLANG_ENABLE_OBJC_WEAK = YES;
				CLANG_WARN_BLOCK_CAPTURE_AUTORELEASING = YES;
				CLANG_WARN_BOOL_CONVERSION = YES;
				CLANG_WARN_COMMA = YES;
				CLANG_WARN_CONSTANT_CONVERSION = YES;
				CLANG_WARN_DEPRECATED_OBJC_IMPLEMENTATIONS = YES;
				CLANG_WARN_DIRECT_OBJC_ISA_USAGE = YES_ERROR;
				CLANG_WARN_DOCUMENTATION_COMMENTS = YES;
				CLANG_WARN_EMPTY_BODY = YES;
				CLANG_WARN_ENUM_CONVERSION = YES;
				CLANG_WARN_INFINITE_RECURSION = YES;
				CLANG_WARN_INT_CONVERSION = YES;
				CLANG_WARN_NON_LITERAL_NULL_CONVERSION = YES;
				CLANG_WARN_OBJC_IMPLICIT_RETAIN_SELF = YES;
				CLANG_WARN_OBJC_LITERAL_CONVERSION = YES;
				CLANG_WARN_OBJC_ROOT_CLASS = YES_ERROR;
				CLANG_WARN_QUOTED_INCLUDE_IN_FRAMEWORK_HEADER = YES;
				CLANG_WARN_RANGE_LOOP_ANALYSIS = YES;
				CLANG_WARN_STRICT_PROTOTYPES = YES;
				CLANG_WARN_SUSPICIOUS_MOVE = YES;
				CLANG_WARN_UNGUARDED_AVAILABILITY = YES_AGGRESSIVE;
				CLANG_WARN_UNREACHABLE_CODE = YES;
				CLANG_WARN__DUPLICATE_METHOD_MATCH = YES;
				COPY_PHASE_STRIP = NO;
				DEBUG_INFORMATION_FORMAT = dwarf;
				ENABLE_STRICT_OBJC_MSGSEND = YES;
				ENABLE_TESTABILITY = YES;
				ENABLE_USER_SCRIPT_SANDBOXING = YES;
				GCC_C_LANGUAGE_STANDARD = gnu17;
				GCC_DYNAMIC_NO_PIC = NO;
				GCC_NO_COMMON_BLOCKS = YES;
				GCC_OPTIMIZATION_LEVEL = 0;
				GCC_PREPROCESSOR_DEFINITIONS = (
					"DEBUG=1",
					"$(inherited)",
				);
				GCC_WARN_64_TO_32_BIT_CONVERSION = YES;
				GCC_WARN_ABOUT_RETURN_TYPE = YES_ERROR;
				GCC_WARN_UNDECLARED_SELECTOR = YES;
				GCC_WARN_UNINITIALIZED_AUTOS = YES_AGGRESSIVE;
				GCC_WARN_UNUSED_FUNCTION = YES;
				GCC_WARN_UNUSED_VARIABLE = YES;
				IPHONEOS_DEPLOYMENT_TARGET = 17.0;
				LOCALIZATION_PREFERS_STRING_CATALOGS = YES;
				MTL_ENABLE_DEBUG_INFO = INCLUDE_SOURCE;
				MTL_FAST_MATH = YES;
				ONLY_ACTIVE_ARCH = YES;
				SDKROOT = iphoneos;
				SWIFT_ACTIVE_COMPILATION_CONDITIONS = "DEBUG $(inherited)";
				SWIFT_OPTIMIZATION_LEVEL = "-Onone";
			};
			name = Debug;
		};
		6E8127AC2B1D2B7B0027300D /* Release */ = {
			isa = XCBuildConfiguration;
			buildSettings = {
				ALWAYS_SEARCH_USER_PATHS = NO;
				ASSETCATALOG_COMPILER_GENERATE_SWIFT_ASSET_SYMBOL_EXTENSIONS = YES;
				CLANG_ANALYZER_NONNULL = YES;
				CLANG_ANALYZER_NUMBER_OBJECT_CONVERSION = YES_AGGRESSIVE;
				CLANG_CXX_LANGUAGE_STANDARD = "gnu++20";
				CLANG_ENABLE_MODULES = YES;
				CLANG_ENABLE_OBJC_ARC = YES;
				CLANG_ENABLE_OBJC_WEAK = YES;
				CLANG_WARN_BLOCK_CAPTURE_AUTORELEASING = YES;
				CLANG_WARN_BOOL_CONVERSION = YES;
				CLANG_WARN_COMMA = YES;
				CLANG_WARN_CONSTANT_CONVERSION = YES;
				CLANG_WARN_DEPRECATED_OBJC_IMPLEMENTATIONS = YES;
				CLANG_WARN_DIRECT_OBJC_ISA_USAGE = YES_ERROR;
				CLANG_WARN_DOCUMENTATION_COMMENTS = YES;
				CLANG_WARN_EMPTY_BODY = YES;
				CLANG_WARN_ENUM_CONVERSION = YES;
				CLANG_WARN_INFINITE_RECURSION = YES;
				CLANG_WARN_INT_CONVERSION = YES;
				CLANG_WARN_NON_LITERAL_NULL_CONVERSION = YES;
				CLANG_WARN_OBJC_IMPLICIT_RETAIN_SELF = YES;
				CLANG_WARN_OBJC_LITERAL_CONVERSION = YES;
				CLANG_WARN_OBJC_ROOT_CLASS = YES_ERROR;
				CLANG_WARN_QUOTED_INCLUDE_IN_FRAMEWORK_HEADER = YES;
				CLANG_WARN_RANGE_LOOP_ANALYSIS = YES;
				CLANG_WARN_STRICT_PROTOTYPES = YES;
				CLANG_WARN_SUSPICIOUS_MOVE = YES;
				CLANG_WARN_UNGUARDED_AVAILABILITY = YES_AGGRESSIVE;
				CLANG_WARN_UNREACHABLE_CODE = YES;
				CLANG_WARN__DUPLICATE_METHOD_MATCH = YES;
				COPY_PHASE_STRIP = NO;
				DEBUG_INFORMATION_FORMAT = "dwarf-with-dsym";
				ENABLE_NS_ASSERTIONS = NO;
				ENABLE_STRICT_OBJC_MSGSEND = YES;
				ENABLE_USER_SCRIPT_SANDBOXING = YES;
				GCC_C_LANGUAGE_STANDARD = gnu17;
				GCC_NO_COMMON_BLOCKS = YES;
				GCC_WARN_64_TO_32_BIT_CONVERSION = YES;
				GCC_WARN_ABOUT_RETURN_TYPE = YES_ERROR;
				GCC_WARN_UNDECLARED_SELECTOR = YES;
				GCC_WARN_UNINITIALIZED_AUTOS = YES_AGGRESSIVE;
				GCC_WARN_UNUSED_FUNCTION = YES;
				GCC_WARN_UNUSED_VARIABLE = YES;
				IPHONEOS_DEPLOYMENT_TARGET = 17.0;
				LOCALIZATION_PREFERS_STRING_CATALOGS = YES;
				MTL_ENABLE_DEBUG_INFO = NO;
				MTL_FAST_MATH = YES;
				SDKROOT = iphoneos;
				SWIFT_COMPILATION_MODE = wholemodule;
				VALIDATE_PRODUCT = YES;
			};
			name = Release;
		};
		6E8127AE2B1D2B7B0027300D /* Debug */ = {
			isa = XCBuildConfiguration;
			buildSettings = {
				ASSETCATALOG_COMPILER_APPICON_NAME = AppIcon;
				ASSETCATALOG_COMPILER_GLOBAL_ACCENT_COLOR_NAME = AccentColor;
				CODE_SIGN_STYLE = Automatic;
				CURRENT_PROJECT_VERSION = 1;
				DEVELOPMENT_ASSET_PATHS = "\"TWC Scheduler/Preview Content\"";
				DEVELOPMENT_TEAM = HER732L49Q;
				ENABLE_PREVIEWS = YES;
				GENERATE_INFOPLIST_FILE = YES;
				INFOPLIST_KEY_UIApplicationSceneManifest_Generation = YES;
				INFOPLIST_KEY_UIApplicationSupportsIndirectInputEvents = YES;
				INFOPLIST_KEY_UILaunchScreen_Generation = YES;
				INFOPLIST_KEY_UISupportedInterfaceOrientations_iPad = "UIInterfaceOrientationPortrait UIInterfaceOrientationPortraitUpsideDown UIInterfaceOrientationLandscapeLeft UIInterfaceOrientationLandscapeRight";
				INFOPLIST_KEY_UISupportedInterfaceOrientations_iPhone = "UIInterfaceOrientationPortrait UIInterfaceOrientationLandscapeLeft UIInterfaceOrientationLandscapeRight";
				LD_RUNPATH_SEARCH_PATHS = (
					"$(inherited)",
					"@executable_path/Frameworks",
				);
				MARKETING_VERSION = 1.0;
				PRODUCT_BUNDLE_IDENTIFIER = "com.NickKearns.TWC-Scheduler";
				PRODUCT_NAME = "$(TARGET_NAME)";
				SWIFT_EMIT_LOC_STRINGS = YES;
				SWIFT_VERSION = 5.0;
				TARGETED_DEVICE_FAMILY = "1,2";
			};
			name = Debug;
		};
		6E8127AF2B1D2B7B0027300D /* Release */ = {
			isa = XCBuildConfiguration;
			buildSettings = {
				ASSETCATALOG_COMPILER_APPICON_NAME = AppIcon;
				ASSETCATALOG_COMPILER_GLOBAL_ACCENT_COLOR_NAME = AccentColor;
				CODE_SIGN_STYLE = Automatic;
				CURRENT_PROJECT_VERSION = 1;
				DEVELOPMENT_ASSET_PATHS = "\"TWC Scheduler/Preview Content\"";
				DEVELOPMENT_TEAM = HER732L49Q;
				ENABLE_PREVIEWS = YES;
				GENERATE_INFOPLIST_FILE = YES;
				INFOPLIST_KEY_UIApplicationSceneManifest_Generation = YES;
				INFOPLIST_KEY_UIApplicationSupportsIndirectInputEvents = YES;
				INFOPLIST_KEY_UILaunchScreen_Generation = YES;
				INFOPLIST_KEY_UISupportedInterfaceOrientations_iPad = "UIInterfaceOrientationPortrait UIInterfaceOrientationPortraitUpsideDown UIInterfaceOrientationLandscapeLeft UIInterfaceOrientationLandscapeRight";
				INFOPLIST_KEY_UISupportedInterfaceOrientations_iPhone = "UIInterfaceOrientationPortrait UIInterfaceOrientationLandscapeLeft UIInterfaceOrientationLandscapeRight";
				LD_RUNPATH_SEARCH_PATHS = (
					"$(inherited)",
					"@executable_path/Frameworks",
				);
				MARKETING_VERSION = 1.0;
				PRODUCT_BUNDLE_IDENTIFIER = "com.NickKearns.TWC-Scheduler";
				PRODUCT_NAME = "$(TARGET_NAME)";
				SWIFT_EMIT_LOC_STRINGS = YES;
				SWIFT_VERSION = 5.0;
				TARGETED_DEVICE_FAMILY = "1,2";
			};
			name = Release;
		};
/* End XCBuildConfiguration section */

/* Begin XCConfigurationList section */
		6E81279A2B1D2B790027300D /* Build configuration list for PBXProject "TWC Scheduler" */ = {
			isa = XCConfigurationList;
			buildConfigurations = (
				6E8127AB2B1D2B7B0027300D /* Debug */,
				6E8127AC2B1D2B7B0027300D /* Release */,
			);
			defaultConfigurationIsVisible = 0;
			defaultConfigurationName = Release;
		};
		6E8127AD2B1D2B7B0027300D /* Build configuration list for PBXNativeTarget "TWC Scheduler" */ = {
			isa = XCConfigurationList;
			buildConfigurations = (
				6E8127AE2B1D2B7B0027300D /* Debug */,
				6E8127AF2B1D2B7B0027300D /* Release */,
			);
			defaultConfigurationIsVisible = 0;
			defaultConfigurationName = Release;
		};
/* End XCConfigurationList section */
	};
	rootObject = 6E8127972B1D2B790027300D /* Project object */;
}
